// !$*UTF8*$!
{
	archiveVersion = 1;
	classes = {
	};
	objectVersion = 46;
	objects = {

/* Begin PBXBuildFile section */
		BB2272011788548800590DA3 /* StateViewController.m in Sources */ = {isa = PBXBuildFile; fileRef = BB2272001788548800590DA3 /* StateViewController.m */; };
		BB22720517885D2D00590DA3 /* DetailViewController.m in Sources */ = {isa = PBXBuildFile; fileRef = BB22720417885D2D00590DA3 /* DetailViewController.m */; };
		BB48C178182C40AC001581EC /* CoreData.framework in Frameworks */ = {isa = PBXBuildFile; fileRef = BB48C177182C40AC001581EC /* CoreData.framework */; };
		BB6A79AB18AC4EF700438124 /* plategameicon.png in Resources */ = {isa = PBXBuildFile; fileRef = BB6A79A918AC4EF700438124 /* plategameicon.png */; };
		BB6A79B518AC4FDE00438124 /* License Plate Icon.psd in Resources */ = {isa = PBXBuildFile; fileRef = BB6A79AE18AC4FDE00438124 /* License Plate Icon.psd */; };
		BB6A79B618AC4FDE00438124 /* License Plate IconTEST.jpg in Resources */ = {isa = PBXBuildFile; fileRef = BB6A79AF18AC4FDE00438124 /* License Plate IconTEST.jpg */; };
		BB6A79B718AC4FDE00438124 /* plategameicon.png in Resources */ = {isa = PBXBuildFile; fileRef = BB6A79B018AC4FDE00438124 /* plategameicon.png */; };
		BB6A79B818AC4FDE00438124 /* plategameicon.psd in Resources */ = {isa = PBXBuildFile; fileRef = BB6A79B118AC4FDE00438124 /* plategameicon.psd */; };
		BB6A79B918AC4FDE00438124 /* plategameicon120.png in Resources */ = {isa = PBXBuildFile; fileRef = BB6A79B218AC4FDE00438124 /* plategameicon120.png */; };
		BB6A79BA18AC4FDE00438124 /* plategameloading.png in Resources */ = {isa = PBXBuildFile; fileRef = BB6A79B318AC4FDE00438124 /* plategameloading.png */; };
		BB6A79BB18AC4FDE00438124 /* plategameloading.psd in Resources */ = {isa = PBXBuildFile; fileRef = BB6A79B418AC4FDE00438124 /* plategameloading.psd */; };
		BB6A79BD18AC575500438124 /* plategameiconT120.png in Resources */ = {isa = PBXBuildFile; fileRef = BB6A79BC18AC575500438124 /* plategameiconT120.png */; };
		BB74C5AA18A9978000825126 /* gear.png in Resources */ = {isa = PBXBuildFile; fileRef = BB74C5A918A9978000825126 /* gear.png */; };
		BB80518818B0857300053F52 /* CaliforniaMain.png in Resources */ = {isa = PBXBuildFile; fileRef = BB80518718B0857300053F52 /* CaliforniaMain.png */; };
		BB80518B18B087C200053F52 /* CaliforniaPlate.png in Resources */ = {isa = PBXBuildFile; fileRef = BB80518A18B087C200053F52 /* CaliforniaPlate.png */; };
		BB80518F18B0890200053F52 /* CaliforniaFlag.png in Resources */ = {isa = PBXBuildFile; fileRef = BB80518E18B0890200053F52 /* CaliforniaFlag.png */; };
		BBD73B06177CD88D00116383 /* Foundation.framework in Frameworks */ = {isa = PBXBuildFile; fileRef = BBD73B05177CD88D00116383 /* Foundation.framework */; };
		BBD73B08177CD88D00116383 /* CoreGraphics.framework in Frameworks */ = {isa = PBXBuildFile; fileRef = BBD73B07177CD88D00116383 /* CoreGraphics.framework */; };
		BBD73B0A177CD88D00116383 /* UIKit.framework in Frameworks */ = {isa = PBXBuildFile; fileRef = BBD73B09177CD88D00116383 /* UIKit.framework */; };
		BBD73B10177CD88D00116383 /* InfoPlist.strings in Resources */ = {isa = PBXBuildFile; fileRef = BBD73B0E177CD88D00116383 /* InfoPlist.strings */; };
		BBD73B12177CD88D00116383 /* main.m in Sources */ = {isa = PBXBuildFile; fileRef = BBD73B11177CD88D00116383 /* main.m */; };
		BBD73B16177CD88D00116383 /* AppDelegate.m in Sources */ = {isa = PBXBuildFile; fileRef = BBD73B15177CD88D00116383 /* AppDelegate.m */; };
		BBD73B19177CD88D00116383 /* Main.storyboard in Resources */ = {isa = PBXBuildFile; fileRef = BBD73B17177CD88D00116383 /* Main.storyboard */; };
		BBD73B1C177CD88D00116383 /* MainViewController.m in Sources */ = {isa = PBXBuildFile; fileRef = BBD73B1B177CD88D00116383 /* MainViewController.m */; };
		BBD73B1E177CD88D00116383 /* Images.xcassets in Resources */ = {isa = PBXBuildFile; fileRef = BBD73B1D177CD88D00116383 /* Images.xcassets */; };
		BBD73B25177CD88D00116383 /* XCTest.framework in Frameworks */ = {isa = PBXBuildFile; fileRef = BBD73B24177CD88D00116383 /* XCTest.framework */; };
		BBD73B26177CD88D00116383 /* Foundation.framework in Frameworks */ = {isa = PBXBuildFile; fileRef = BBD73B05177CD88D00116383 /* Foundation.framework */; };
		BBD73B27177CD88D00116383 /* UIKit.framework in Frameworks */ = {isa = PBXBuildFile; fileRef = BBD73B09177CD88D00116383 /* UIKit.framework */; };
		BBD73B2F177CD88D00116383 /* InfoPlist.strings in Resources */ = {isa = PBXBuildFile; fileRef = BBD73B2D177CD88D00116383 /* InfoPlist.strings */; };
		BBD73B31177CD88D00116383 /* LicensePlateTests.m in Sources */ = {isa = PBXBuildFile; fileRef = BBD73B30177CD88D00116383 /* LicensePlateTests.m */; };
		BBE2238F18ADC2B4004A60F8 /* blueimage.png in Resources */ = {isa = PBXBuildFile; fileRef = BBE2238E18ADC2B4004A60F8 /* blueimage.png */; };
		BBE2239118ADC40F004A60F8 /* examplecell.png in Resources */ = {isa = PBXBuildFile; fileRef = BBE2239018ADC40F004A60F8 /* examplecell.png */; };
/* End PBXBuildFile section */

/* Begin PBXContainerItemProxy section */
		BBD73B28177CD88D00116383 /* PBXContainerItemProxy */ = {
			isa = PBXContainerItemProxy;
			containerPortal = BBD73AFA177CD88D00116383 /* Project object */;
			proxyType = 1;
			remoteGlobalIDString = BBD73B01177CD88D00116383;
			remoteInfo = LicensePlate;
		};
/* End PBXContainerItemProxy section */

/* Begin PBXFileReference section */
		BB2271FF1788548800590DA3 /* StateViewController.h */ = {isa = PBXFileReference; fileEncoding = 4; lastKnownFileType = sourcecode.c.h; path = StateViewController.h; sourceTree = "<group>"; };
		BB2272001788548800590DA3 /* StateViewController.m */ = {isa = PBXFileReference; fileEncoding = 4; lastKnownFileType = sourcecode.c.objc; path = StateViewController.m; sourceTree = "<group>"; };
		BB22720317885D2D00590DA3 /* DetailViewController.h */ = {isa = PBXFileReference; fileEncoding = 4; lastKnownFileType = sourcecode.c.h; path = DetailViewController.h; sourceTree = "<group>"; };
		BB22720417885D2D00590DA3 /* DetailViewController.m */ = {isa = PBXFileReference; fileEncoding = 4; lastKnownFileType = sourcecode.c.objc; path = DetailViewController.m; sourceTree = "<group>"; };
		BB48C177182C40AC001581EC /* CoreData.framework */ = {isa = PBXFileReference; lastKnownFileType = wrapper.framework; name = CoreData.framework; path = System/Library/Frameworks/CoreData.framework; sourceTree = SDKROOT; };
		BB6A79A918AC4EF700438124 /* plategameicon.png */ = {isa = PBXFileReference; lastKnownFileType = image.png; path = plategameicon.png; sourceTree = "<group>"; };
		BB6A79AE18AC4FDE00438124 /* License Plate Icon.psd */ = {isa = PBXFileReference; lastKnownFileType = file; path = "License Plate Icon.psd"; sourceTree = "<group>"; };
		BB6A79AF18AC4FDE00438124 /* License Plate IconTEST.jpg */ = {isa = PBXFileReference; lastKnownFileType = image.jpeg; path = "License Plate IconTEST.jpg"; sourceTree = "<group>"; };
		BB6A79B018AC4FDE00438124 /* plategameicon.png */ = {isa = PBXFileReference; lastKnownFileType = image.png; path = plategameicon.png; sourceTree = "<group>"; };
		BB6A79B118AC4FDE00438124 /* plategameicon.psd */ = {isa = PBXFileReference; lastKnownFileType = file; path = plategameicon.psd; sourceTree = "<group>"; };
		BB6A79B218AC4FDE00438124 /* plategameicon120.png */ = {isa = PBXFileReference; lastKnownFileType = image.png; name = plategameicon120.png; path = "Icon Files/plategameicon120.png"; sourceTree = "<group>"; };
		BB6A79B318AC4FDE00438124 /* plategameloading.png */ = {isa = PBXFileReference; lastKnownFileType = image.png; name = plategameloading.png; path = "Icon Files/plategameloading.png"; sourceTree = "<group>"; };
		BB6A79B418AC4FDE00438124 /* plategameloading.psd */ = {isa = PBXFileReference; lastKnownFileType = file; path = plategameloading.psd; sourceTree = "<group>"; };
		BB6A79BC18AC575500438124 /* plategameiconT120.png */ = {isa = PBXFileReference; lastKnownFileType = image.png; name = plategameiconT120.png; path = "Icon Files/plategameiconT120.png"; sourceTree = "<group>"; };
		BB74C5A918A9978000825126 /* gear.png */ = {isa = PBXFileReference; lastKnownFileType = image.png; name = gear.png; path = ../gear.png; sourceTree = "<group>"; };
		BB80518718B0857300053F52 /* CaliforniaMain.png */ = {isa = PBXFileReference; lastKnownFileType = image.png; path = CaliforniaMain.png; sourceTree = "<group>"; };
		BB80518A18B087C200053F52 /* CaliforniaPlate.png */ = {isa = PBXFileReference; lastKnownFileType = image.png; name = CaliforniaPlate.png; path = ../CaliforniaPlate.png; sourceTree = "<group>"; };
		BB80518E18B0890200053F52 /* CaliforniaFlag.png */ = {isa = PBXFileReference; lastKnownFileType = image.png; name = CaliforniaFlag.png; path = ../CaliforniaFlag.png; sourceTree = "<group>"; };
		BBD73B02177CD88D00116383 /* LicensePlate.app */ = {isa = PBXFileReference; explicitFileType = wrapper.application; includeInIndex = 0; path = LicensePlate.app; sourceTree = BUILT_PRODUCTS_DIR; };
		BBD73B05177CD88D00116383 /* Foundation.framework */ = {isa = PBXFileReference; lastKnownFileType = wrapper.framework; name = Foundation.framework; path = System/Library/Frameworks/Foundation.framework; sourceTree = SDKROOT; };
		BBD73B07177CD88D00116383 /* CoreGraphics.framework */ = {isa = PBXFileReference; lastKnownFileType = wrapper.framework; name = CoreGraphics.framework; path = System/Library/Frameworks/CoreGraphics.framework; sourceTree = SDKROOT; };
		BBD73B09177CD88D00116383 /* UIKit.framework */ = {isa = PBXFileReference; lastKnownFileType = wrapper.framework; name = UIKit.framework; path = System/Library/Frameworks/UIKit.framework; sourceTree = SDKROOT; };
		BBD73B0D177CD88D00116383 /* LicensePlate-Info.plist */ = {isa = PBXFileReference; lastKnownFileType = text.plist.xml; path = "LicensePlate-Info.plist"; sourceTree = "<group>"; };
		BBD73B0F177CD88D00116383 /* en */ = {isa = PBXFileReference; lastKnownFileType = text.plist.strings; name = en; path = en.lproj/InfoPlist.strings; sourceTree = "<group>"; };
		BBD73B11177CD88D00116383 /* main.m */ = {isa = PBXFileReference; lastKnownFileType = sourcecode.c.objc; path = main.m; sourceTree = "<group>"; };
		BBD73B13177CD88D00116383 /* LicensePlate-Prefix.pch */ = {isa = PBXFileReference; lastKnownFileType = sourcecode.c.h; path = "LicensePlate-Prefix.pch"; sourceTree = "<group>"; };
		BBD73B14177CD88D00116383 /* AppDelegate.h */ = {isa = PBXFileReference; lastKnownFileType = sourcecode.c.h; path = AppDelegate.h; sourceTree = "<group>"; };
		BBD73B15177CD88D00116383 /* AppDelegate.m */ = {isa = PBXFileReference; lastKnownFileType = sourcecode.c.objc; path = AppDelegate.m; sourceTree = "<group>"; };
		BBD73B18177CD88D00116383 /* Base */ = {isa = PBXFileReference; lastKnownFileType = file.storyboard; name = Base; path = Base.lproj/Main.storyboard; sourceTree = "<group>"; };
		BBD73B1A177CD88D00116383 /* MainViewController.h */ = {isa = PBXFileReference; lastKnownFileType = sourcecode.c.h; path = MainViewController.h; sourceTree = "<group>"; };
		BBD73B1B177CD88D00116383 /* MainViewController.m */ = {isa = PBXFileReference; lastKnownFileType = sourcecode.c.objc; path = MainViewController.m; sourceTree = "<group>"; };
		BBD73B1D177CD88D00116383 /* Images.xcassets */ = {isa = PBXFileReference; lastKnownFileType = folder.assetcatalog; path = Images.xcassets; sourceTree = "<group>"; };
		BBD73B23177CD88D00116383 /* LicensePlateTests.xctest */ = {isa = PBXFileReference; explicitFileType = wrapper.cfbundle; includeInIndex = 0; path = LicensePlateTests.xctest; sourceTree = BUILT_PRODUCTS_DIR; };
		BBD73B24177CD88D00116383 /* XCTest.framework */ = {isa = PBXFileReference; lastKnownFileType = wrapper.framework; name = XCTest.framework; path = Library/Frameworks/XCTest.framework; sourceTree = DEVELOPER_DIR; };
		BBD73B2C177CD88D00116383 /* LicensePlateTests-Info.plist */ = {isa = PBXFileReference; lastKnownFileType = text.plist.xml; path = "LicensePlateTests-Info.plist"; sourceTree = "<group>"; };
		BBD73B2E177CD88D00116383 /* en */ = {isa = PBXFileReference; lastKnownFileType = text.plist.strings; name = en; path = en.lproj/InfoPlist.strings; sourceTree = "<group>"; };
		BBD73B30177CD88D00116383 /* LicensePlateTests.m */ = {isa = PBXFileReference; lastKnownFileType = sourcecode.c.objc; path = LicensePlateTests.m; sourceTree = "<group>"; };
		BBE2238E18ADC2B4004A60F8 /* blueimage.png */ = {isa = PBXFileReference; lastKnownFileType = image.png; path = blueimage.png; sourceTree = "<group>"; };
		BBE2239018ADC40F004A60F8 /* examplecell.png */ = {isa = PBXFileReference; lastKnownFileType = image.png; name = examplecell.png; path = "Icon Files/examplecell.png"; sourceTree = "<group>"; };
/* End PBXFileReference section */

/* Begin PBXFrameworksBuildPhase section */
		BBD73AFF177CD88D00116383 /* Frameworks */ = {
			isa = PBXFrameworksBuildPhase;
			buildActionMask = 2147483647;
			files = (
				BB48C178182C40AC001581EC /* CoreData.framework in Frameworks */,
				BBD73B08177CD88D00116383 /* CoreGraphics.framework in Frameworks */,
				BBD73B0A177CD88D00116383 /* UIKit.framework in Frameworks */,
				BBD73B06177CD88D00116383 /* Foundation.framework in Frameworks */,
			);
			runOnlyForDeploymentPostprocessing = 0;
		};
		BBD73B20177CD88D00116383 /* Frameworks */ = {
			isa = PBXFrameworksBuildPhase;
			buildActionMask = 2147483647;
			files = (
				BBD73B25177CD88D00116383 /* XCTest.framework in Frameworks */,
				BBD73B27177CD88D00116383 /* UIKit.framework in Frameworks */,
				BBD73B26177CD88D00116383 /* Foundation.framework in Frameworks */,
			);
			runOnlyForDeploymentPostprocessing = 0;
		};
/* End PBXFrameworksBuildPhase section */

/* Begin PBXGroup section */
		BB22720617886C1500590DA3 /* Detail View */ = {
			isa = PBXGroup;
			children = (
				BB22720317885D2D00590DA3 /* DetailViewController.h */,
				BB22720417885D2D00590DA3 /* DetailViewController.m */,
			);
			name = "Detail View";
			sourceTree = "<group>";
		};
		BB22720717886C2400590DA3 /* Table View */ = {
			isa = PBXGroup;
			children = (
				BB2271FF1788548800590DA3 /* StateViewController.h */,
				BB2272001788548800590DA3 /* StateViewController.m */,
			);
			name = "Table View";
			sourceTree = "<group>";
		};
		BB22720817886C4400590DA3 /* Main View */ = {
			isa = PBXGroup;
			children = (
				BBD73B1A177CD88D00116383 /* MainViewController.h */,
				BBD73B1B177CD88D00116383 /* MainViewController.m */,
			);
			name = "Main View";
			sourceTree = "<group>";
		};
		BB6A79AD18AC4FDE00438124 /* Icon Files */ = {
			isa = PBXGroup;
			children = (
				BB6A79AE18AC4FDE00438124 /* License Plate Icon.psd */,
				BB6A79AF18AC4FDE00438124 /* License Plate IconTEST.jpg */,
				BB6A79B018AC4FDE00438124 /* plategameicon.png */,
				BB6A79B118AC4FDE00438124 /* plategameicon.psd */,
				BB6A79B418AC4FDE00438124 /* plategameloading.psd */,
			);
			path = "Icon Files";
			sourceTree = "<group>";
		};
		BB80518918B0858A00053F52 /* State Data */ = {
			isa = PBXGroup;
			children = (
				BB80519018B0890B00053F52 /* State Flags */,
				BB80518D18B087ED00053F52 /* State Main Pictures */,
				BB80518C18B087CF00053F52 /* State License Plates */,
			);
			name = "State Data";
			sourceTree = "<group>";
		};
		BB80518C18B087CF00053F52 /* State License Plates */ = {
			isa = PBXGroup;
			children = (
				BB80518A18B087C200053F52 /* CaliforniaPlate.png */,
			);
			name = "State License Plates";
			sourceTree = "<group>";
		};
		BB80518D18B087ED00053F52 /* State Main Pictures */ = {
			isa = PBXGroup;
			children = (
				BB80518718B0857300053F52 /* CaliforniaMain.png */,
			);
			name = "State Main Pictures";
			sourceTree = "<group>";
		};
		BB80519018B0890B00053F52 /* State Flags */ = {
			isa = PBXGroup;
			children = (
				BB80518E18B0890200053F52 /* CaliforniaFlag.png */,
			);
			name = "State Flags";
			sourceTree = "<group>";
		};
		BB80519118B08C5100053F52 /* Images */ = {
			isa = PBXGroup;
			children = (
				BB80519218B08C6200053F52 /* Icons, BG, etc */,
				BB80518918B0858A00053F52 /* State Data */,
			);
			name = Images;
			sourceTree = "<group>";
		};
		BB80519218B08C6200053F52 /* Icons, BG, etc */ = {
			isa = PBXGroup;
			children = (
				BB74C5A918A9978000825126 /* gear.png */,
				BBE2239018ADC40F004A60F8 /* examplecell.png */,
				BBE2238E18ADC2B4004A60F8 /* blueimage.png */,
				BB6A79A918AC4EF700438124 /* plategameicon.png */,
				BB6A79B218AC4FDE00438124 /* plategameicon120.png */,
				BB6A79BC18AC575500438124 /* plategameiconT120.png */,
				BB6A79B318AC4FDE00438124 /* plategameloading.png */,
			);
			name = "Icons, BG, etc";
			sourceTree = "<group>";
		};
		BBD73AF9177CD88D00116383 = {
			isa = PBXGroup;
			children = (
				BBD73B0B177CD88D00116383 /* LicensePlate */,
				BBD73B2A177CD88D00116383 /* LicensePlateTests */,
				BBD73B04177CD88D00116383 /* Frameworks */,
				BBD73B03177CD88D00116383 /* Products */,
			);
			sourceTree = "<group>";
		};
		BBD73B03177CD88D00116383 /* Products */ = {
			isa = PBXGroup;
			children = (
				BBD73B02177CD88D00116383 /* LicensePlate.app */,
				BBD73B23177CD88D00116383 /* LicensePlateTests.xctest */,
			);
			name = Products;
			sourceTree = "<group>";
		};
		BBD73B04177CD88D00116383 /* Frameworks */ = {
			isa = PBXGroup;
			children = (
				BB48C177182C40AC001581EC /* CoreData.framework */,
				BBD73B05177CD88D00116383 /* Foundation.framework */,
				BBD73B07177CD88D00116383 /* CoreGraphics.framework */,
				BBD73B09177CD88D00116383 /* UIKit.framework */,
				BBD73B24177CD88D00116383 /* XCTest.framework */,
			);
			name = Frameworks;
			sourceTree = "<group>";
		};
		BBD73B0B177CD88D00116383 /* LicensePlate */ = {
			isa = PBXGroup;
			children = (
				BBD73B14177CD88D00116383 /* AppDelegate.h */,
				BBD73B15177CD88D00116383 /* AppDelegate.m */,
				BBD73B17177CD88D00116383 /* Main.storyboard */,
				BB22720817886C4400590DA3 /* Main View */,
				BB22720717886C2400590DA3 /* Table View */,
				BB22720617886C1500590DA3 /* Detail View */,
				BBD73B1D177CD88D00116383 /* Images.xcassets */,
				BB80519118B08C5100053F52 /* Images */,
				BB6A79AD18AC4FDE00438124 /* Icon Files */,
				BBD73B0C177CD88D00116383 /* Supporting Files */,
			);
			path = LicensePlate;
			sourceTree = "<group>";
		};
		BBD73B0C177CD88D00116383 /* Supporting Files */ = {
			isa = PBXGroup;
			children = (
				BBD73B0D177CD88D00116383 /* LicensePlate-Info.plist */,
				BBD73B0E177CD88D00116383 /* InfoPlist.strings */,
				BBD73B11177CD88D00116383 /* main.m */,
				BBD73B13177CD88D00116383 /* LicensePlate-Prefix.pch */,
			);
			name = "Supporting Files";
			sourceTree = "<group>";
		};
		BBD73B2A177CD88D00116383 /* LicensePlateTests */ = {
			isa = PBXGroup;
			children = (
				BBD73B30177CD88D00116383 /* LicensePlateTests.m */,
				BBD73B2B177CD88D00116383 /* Supporting Files */,
			);
			path = LicensePlateTests;
			sourceTree = "<group>";
		};
		BBD73B2B177CD88D00116383 /* Supporting Files */ = {
			isa = PBXGroup;
			children = (
				BBD73B2C177CD88D00116383 /* LicensePlateTests-Info.plist */,
				BBD73B2D177CD88D00116383 /* InfoPlist.strings */,
			);
			name = "Supporting Files";
			sourceTree = "<group>";
		};
/* End PBXGroup section */

/* Begin PBXNativeTarget section */
		BBD73B01177CD88D00116383 /* LicensePlate */ = {
			isa = PBXNativeTarget;
			buildConfigurationList = BBD73B34177CD88D00116383 /* Build configuration list for PBXNativeTarget "LicensePlate" */;
			buildPhases = (
				BBD73AFE177CD88D00116383 /* Sources */,
				BBD73AFF177CD88D00116383 /* Frameworks */,
				BBD73B00177CD88D00116383 /* Resources */,
			);
			buildRules = (
			);
			dependencies = (
			);
			name = LicensePlate;
			productName = LicensePlate;
			productReference = BBD73B02177CD88D00116383 /* LicensePlate.app */;
			productType = "com.apple.product-type.application";
		};
		BBD73B22177CD88D00116383 /* LicensePlateTests */ = {
			isa = PBXNativeTarget;
			buildConfigurationList = BBD73B37177CD88D00116383 /* Build configuration list for PBXNativeTarget "LicensePlateTests" */;
			buildPhases = (
				BBD73B1F177CD88D00116383 /* Sources */,
				BBD73B20177CD88D00116383 /* Frameworks */,
				BBD73B21177CD88D00116383 /* Resources */,
			);
			buildRules = (
			);
			dependencies = (
				BBD73B29177CD88D00116383 /* PBXTargetDependency */,
			);
			name = LicensePlateTests;
			productName = LicensePlateTests;
			productReference = BBD73B23177CD88D00116383 /* LicensePlateTests.xctest */;
			productType = "com.apple.product-type.bundle.unit-test";
		};
/* End PBXNativeTarget section */

/* Begin PBXProject section */
		BBD73AFA177CD88D00116383 /* Project object */ = {
			isa = PBXProject;
			attributes = {
				LastUpgradeCheck = 0500;
				ORGANIZATIONNAME = "Konnor Krupp";
				TargetAttributes = {
					BBD73B22177CD88D00116383 = {
						TestTargetID = BBD73B01177CD88D00116383;
					};
				};
			};
			buildConfigurationList = BBD73AFD177CD88D00116383 /* Build configuration list for PBXProject "LicensePlate" */;
			compatibilityVersion = "Xcode 3.2";
			developmentRegion = English;
			hasScannedForEncodings = 0;
			knownRegions = (
				en,
				Base,
			);
			mainGroup = BBD73AF9177CD88D00116383;
			productRefGroup = BBD73B03177CD88D00116383 /* Products */;
			projectDirPath = "";
			projectRoot = "";
			targets = (
				BBD73B01177CD88D00116383 /* LicensePlate */,
				BBD73B22177CD88D00116383 /* LicensePlateTests */,
			);
		};
/* End PBXProject section */

/* Begin PBXResourcesBuildPhase section */
		BBD73B00177CD88D00116383 /* Resources */ = {
			isa = PBXResourcesBuildPhase;
			buildActionMask = 2147483647;
			files = (
				BBD73B1E177CD88D00116383 /* Images.xcassets in Resources */,
				BB6A79AB18AC4EF700438124 /* plategameicon.png in Resources */,
				BB74C5AA18A9978000825126 /* gear.png in Resources */,
				BB6A79B918AC4FDE00438124 /* plategameicon120.png in Resources */,
				BB80518B18B087C200053F52 /* CaliforniaPlate.png in Resources */,
				BB6A79B718AC4FDE00438124 /* plategameicon.png in Resources */,
				BB6A79B618AC4FDE00438124 /* License Plate IconTEST.jpg in Resources */,
				BB6A79BA18AC4FDE00438124 /* plategameloading.png in Resources */,
				BB6A79BD18AC575500438124 /* plategameiconT120.png in Resources */,
				BB80518F18B0890200053F52 /* CaliforniaFlag.png in Resources */,
				BBE2238F18ADC2B4004A60F8 /* blueimage.png in Resources */,
				BB6A79BB18AC4FDE00438124 /* plategameloading.psd in Resources */,
				BB6A79B518AC4FDE00438124 /* License Plate Icon.psd in Resources */,
				BB6A79B818AC4FDE00438124 /* plategameicon.psd in Resources */,
				BB80518818B0857300053F52 /* CaliforniaMain.png in Resources */,
				BBD73B10177CD88D00116383 /* InfoPlist.strings in Resources */,
				BBE2239118ADC40F004A60F8 /* examplecell.png in Resources */,
				BBD73B19177CD88D00116383 /* Main.storyboard in Resources */,
			);
			runOnlyForDeploymentPostprocessing = 0;
		};
		BBD73B21177CD88D00116383 /* Resources */ = {
			isa = PBXResourcesBuildPhase;
			buildActionMask = 2147483647;
			files = (
				BBD73B2F177CD88D00116383 /* InfoPlist.strings in Resources */,
			);
			runOnlyForDeploymentPostprocessing = 0;
		};
/* End PBXResourcesBuildPhase section */

/* Begin PBXSourcesBuildPhase section */
		BBD73AFE177CD88D00116383 /* Sources */ = {
			isa = PBXSourcesBuildPhase;
			buildActionMask = 2147483647;
			files = (
				BB22720517885D2D00590DA3 /* DetailViewController.m in Sources */,
				BBD73B1C177CD88D00116383 /* MainViewController.m in Sources */,
				BBD73B16177CD88D00116383 /* AppDelegate.m in Sources */,
				BBD73B12177CD88D00116383 /* main.m in Sources */,
				BB2272011788548800590DA3 /* StateViewController.m in Sources */,
			);
			runOnlyForDeploymentPostprocessing = 0;
		};
		BBD73B1F177CD88D00116383 /* Sources */ = {
			isa = PBXSourcesBuildPhase;
			buildActionMask = 2147483647;
			files = (
				BBD73B31177CD88D00116383 /* LicensePlateTests.m in Sources */,
			);
			runOnlyForDeploymentPostprocessing = 0;
		};
/* End PBXSourcesBuildPhase section */

/* Begin PBXTargetDependency section */
		BBD73B29177CD88D00116383 /* PBXTargetDependency */ = {
			isa = PBXTargetDependency;
			target = BBD73B01177CD88D00116383 /* LicensePlate */;
			targetProxy = BBD73B28177CD88D00116383 /* PBXContainerItemProxy */;
		};
/* End PBXTargetDependency section */

/* Begin PBXVariantGroup section */
		BBD73B0E177CD88D00116383 /* InfoPlist.strings */ = {
			isa = PBXVariantGroup;
			children = (
				BBD73B0F177CD88D00116383 /* en */,
			);
			name = InfoPlist.strings;
			sourceTree = "<group>";
		};
		BBD73B17177CD88D00116383 /* Main.storyboard */ = {
			isa = PBXVariantGroup;
			children = (
				BBD73B18177CD88D00116383 /* Base */,
			);
			name = Main.storyboard;
			sourceTree = "<group>";
		};
		BBD73B2D177CD88D00116383 /* InfoPlist.strings */ = {
			isa = PBXVariantGroup;
			children = (
				BBD73B2E177CD88D00116383 /* en */,
			);
			name = InfoPlist.strings;
			sourceTree = "<group>";
		};
/* End PBXVariantGroup section */

/* Begin XCBuildConfiguration section */
		BBD73B32177CD88D00116383 /* Debug */ = {
			isa = XCBuildConfiguration;
			buildSettings = {
				ALWAYS_SEARCH_USER_PATHS = NO;
				CLANG_CXX_LANGUAGE_STANDARD = "gnu++0x";
				CLANG_CXX_LIBRARY = "libc++";
				CLANG_ENABLE_MODULES = YES;
				CLANG_ENABLE_OBJC_ARC = YES;
				CLANG_WARN_BOOL_CONVERSION = YES;
				CLANG_WARN_CONSTANT_CONVERSION = YES;
				CLANG_WARN_DIRECT_OBJC_ISA_USAGE = YES_ERROR;
				CLANG_WARN_EMPTY_BODY = YES;
				CLANG_WARN_ENUM_CONVERSION = YES;
				CLANG_WARN_INT_CONVERSION = YES;
				CLANG_WARN_OBJC_ROOT_CLASS = YES_ERROR;
				CLANG_WARN__DUPLICATE_METHOD_MATCH = YES;
				"CODE_SIGN_IDENTITY[sdk=iphoneos*]" = "iPhone Developer";
				COPY_PHASE_STRIP = NO;
				GCC_C_LANGUAGE_STANDARD = gnu99;
				GCC_DYNAMIC_NO_PIC = NO;
				GCC_OPTIMIZATION_LEVEL = 0;
				GCC_PREPROCESSOR_DEFINITIONS = (
					"DEBUG=1",
					"$(inherited)",
				);
				GCC_SYMBOLS_PRIVATE_EXTERN = NO;
				GCC_WARN_ABOUT_RETURN_TYPE = YES_ERROR;
				GCC_WARN_UNDECLARED_SELECTOR = YES;
				GCC_WARN_UNINITIALIZED_AUTOS = YES;
				GCC_WARN_UNUSED_FUNCTION = YES;
				GCC_WARN_UNUSED_VARIABLE = YES;
				IPHONEOS_DEPLOYMENT_TARGET = 7.0;
				ONLY_ACTIVE_ARCH = YES;
				SDKROOT = iphoneos;
			};
			name = Debug;
		};
		BBD73B33177CD88D00116383 /* Release */ = {
			isa = XCBuildConfiguration;
			buildSettings = {
				ALWAYS_SEARCH_USER_PATHS = NO;
				CLANG_CXX_LANGUAGE_STANDARD = "gnu++0x";
				CLANG_CXX_LIBRARY = "libc++";
				CLANG_ENABLE_MODULES = YES;
				CLANG_ENABLE_OBJC_ARC = YES;
				CLANG_WARN_BOOL_CONVERSION = YES;
				CLANG_WARN_CONSTANT_CONVERSION = YES;
				CLANG_WARN_DIRECT_OBJC_ISA_USAGE = YES_ERROR;
				CLANG_WARN_EMPTY_BODY = YES;
				CLANG_WARN_ENUM_CONVERSION = YES;
				CLANG_WARN_INT_CONVERSION = YES;
				CLANG_WARN_OBJC_ROOT_CLASS = YES_ERROR;
				CLANG_WARN__DUPLICATE_METHOD_MATCH = YES;
				"CODE_SIGN_IDENTITY[sdk=iphoneos*]" = "iPhone Developer";
				COPY_PHASE_STRIP = YES;
				ENABLE_NS_ASSERTIONS = NO;
				GCC_C_LANGUAGE_STANDARD = gnu99;
				GCC_WARN_ABOUT_RETURN_TYPE = YES_ERROR;
				GCC_WARN_UNDECLARED_SELECTOR = YES;
				GCC_WARN_UNINITIALIZED_AUTOS = YES;
				GCC_WARN_UNUSED_FUNCTION = YES;
				GCC_WARN_UNUSED_VARIABLE = YES;
				IPHONEOS_DEPLOYMENT_TARGET = 7.0;
				SDKROOT = iphoneos;
				VALIDATE_PRODUCT = YES;
			};
			name = Release;
		};
		BBD73B35177CD88D00116383 /* Debug */ = {
			isa = XCBuildConfiguration;
			buildSettings = {
				ASSETCATALOG_COMPILER_APPICON_NAME = AppIcon;
				ASSETCATALOG_COMPILER_LAUNCHIMAGE_NAME = LaunchImage;
				GCC_PRECOMPILE_PREFIX_HEADER = YES;
				GCC_PREFIX_HEADER = "LicensePlate/LicensePlate-Prefix.pch";
				INFOPLIST_FILE = "LicensePlate/LicensePlate-Info.plist";
				IPHONEOS_DEPLOYMENT_TARGET = 7.0;
				PRODUCT_NAME = "$(TARGET_NAME)";
				TARGETED_DEVICE_FAMILY = 1;
				WRAPPER_EXTENSION = app;
			};
			name = Debug;
		};
		BBD73B36177CD88D00116383 /* Release */ = {
			isa = XCBuildConfiguration;
			buildSettings = {
				ASSETCATALOG_COMPILER_APPICON_NAME = AppIcon;
				ASSETCATALOG_COMPILER_LAUNCHIMAGE_NAME = LaunchImage;
				GCC_PRECOMPILE_PREFIX_HEADER = YES;
				GCC_PREFIX_HEADER = "LicensePlate/LicensePlate-Prefix.pch";
				INFOPLIST_FILE = "LicensePlate/LicensePlate-Info.plist";
				IPHONEOS_DEPLOYMENT_TARGET = 7.0;
				PRODUCT_NAME = "$(TARGET_NAME)";
				TARGETED_DEVICE_FAMILY = 1;
				WRAPPER_EXTENSION = app;
			};
			name = Release;
		};
		BBD73B38177CD88D00116383 /* Debug */ = {
			isa = XCBuildConfiguration;
			buildSettings = {
				BUNDLE_LOADER = "$(BUILT_PRODUCTS_DIR)/LicensePlate.app/LicensePlate";
				FRAMEWORK_SEARCH_PATHS = (
					"$(SDKROOT)/Developer/Library/Frameworks",
					"$(inherited)",
					"$(SYSTEM_APPS_DIR)/Xcode5-DP2.app/Contents/Developer/Library/Frameworks",
				);
				GCC_PRECOMPILE_PREFIX_HEADER = YES;
				GCC_PREFIX_HEADER = "LicensePlate/LicensePlate-Prefix.pch";
				GCC_PREPROCESSOR_DEFINITIONS = (
					"DEBUG=1",
					"$(inherited)",
				);
				INFOPLIST_FILE = "LicensePlateTests/LicensePlateTests-Info.plist";
				PRODUCT_NAME = "$(TARGET_NAME)";
				TEST_HOST = "$(BUNDLE_LOADER)";
				WRAPPER_EXTENSION = xctest;
			};
			name = Debug;
		};
		BBD73B39177CD88D00116383 /* Release */ = {
			isa = XCBuildConfiguration;
			buildSettings = {
				BUNDLE_LOADER = "$(BUILT_PRODUCTS_DIR)/LicensePlate.app/LicensePlate";
				FRAMEWORK_SEARCH_PATHS = (
					"$(SDKROOT)/Developer/Library/Frameworks",
					"$(inherited)",
					"$(SYSTEM_APPS_DIR)/Xcode5-DP2.app/Contents/Developer/Library/Frameworks",
				);
				GCC_PRECOMPILE_PREFIX_HEADER = YES;
				GCC_PREFIX_HEADER = "LicensePlate/LicensePlate-Prefix.pch";
				INFOPLIST_FILE = "LicensePlateTests/LicensePlateTests-Info.plist";
				PRODUCT_NAME = "$(TARGET_NAME)";
				TEST_HOST = "$(BUNDLE_LOADER)";
				WRAPPER_EXTENSION = xctest;
			};
			name = Release;
		};
/* End XCBuildConfiguration section */

/* Begin XCConfigurationList section */
		BBD73AFD177CD88D00116383 /* Build configuration list for PBXProject "LicensePlate" */ = {
			isa = XCConfigurationList;
			buildConfigurations = (
				BBD73B32177CD88D00116383 /* Debug */,
				BBD73B33177CD88D00116383 /* Release */,
			);
			defaultConfigurationIsVisible = 0;
			defaultConfigurationName = Release;
		};
		BBD73B34177CD88D00116383 /* Build configuration list for PBXNativeTarget "LicensePlate" */ = {
			isa = XCConfigurationList;
			buildConfigurations = (
				BBD73B35177CD88D00116383 /* Debug */,
				BBD73B36177CD88D00116383 /* Release */,
			);
			defaultConfigurationIsVisible = 0;
			defaultConfigurationName = Release;
		};
		BBD73B37177CD88D00116383 /* Build configuration list for PBXNativeTarget "LicensePlateTests" */ = {
			isa = XCConfigurationList;
			buildConfigurations = (
				BBD73B38177CD88D00116383 /* Debug */,
				BBD73B39177CD88D00116383 /* Release */,
			);
			defaultConfigurationIsVisible = 0;
			defaultConfigurationName = Release;
		};
/* End XCConfigurationList section */
	};
	rootObject = BBD73AFA177CD88D00116383 /* Project object */;
}
